// !$*UTF8*$!
{
	archiveVersion = 1;
	classes = {
	};
	objectVersion = 46;
	objects = {

/* Begin PBXBuildFile section */
		A2ABFD6F1B1F25490066C295 /* main.m in Sources */ = {isa = PBXBuildFile; fileRef = A2ABFD6E1B1F25490066C295 /* main.m */; };
		A2ABFD721B1F25490066C295 /* AppDelegate.m in Sources */ = {isa = PBXBuildFile; fileRef = A2ABFD711B1F25490066C295 /* AppDelegate.m */; };
		A2ABFD7A1B1F25490066C295 /* Images.xcassets in Resources */ = {isa = PBXBuildFile; fileRef = A2ABFD791B1F25490066C295 /* Images.xcassets */; };
		A2ABFD7D1B1F25490066C295 /* LaunchScreen.xib in Resources */ = {isa = PBXBuildFile; fileRef = A2ABFD7B1B1F25490066C295 /* LaunchScreen.xib */; };
		A2ABFD951B1F257F0066C295 /* MainViewController.m in Sources */ = {isa = PBXBuildFile; fileRef = A2ABFD931B1F257F0066C295 /* MainViewController.m */; };
		A2ABFD961B1F257F0066C295 /* MainViewController.xib in Resources */ = {isa = PBXBuildFile; fileRef = A2ABFD941B1F257F0066C295 /* MainViewController.xib */; };
		A2ABFDFC1B1F25B80066C295 /* LoginViewController.m in Sources */ = {isa = PBXBuildFile; fileRef = A2ABFD9A1B1F25B80066C295 /* LoginViewController.m */; };
		A2ABFDFD1B1F25B80066C295 /* LoginViewController.xib in Resources */ = {isa = PBXBuildFile; fileRef = A2ABFD9B1B1F25B80066C295 /* LoginViewController.xib */; };
		A2ABFDFE1B1F25B80066C295 /* NewsCell.m in Sources */ = {isa = PBXBuildFile; fileRef = A2ABFD9E1B1F25B80066C295 /* NewsCell.m */; };
		A2ABFDFF1B1F25B80066C295 /* NewsCell.xib in Resources */ = {isa = PBXBuildFile; fileRef = A2ABFD9F1B1F25B80066C295 /* NewsCell.xib */; };
		A2ABFE001B1F25B80066C295 /* NewsDetailViewController.m in Sources */ = {isa = PBXBuildFile; fileRef = A2ABFDA11B1F25B80066C295 /* NewsDetailViewController.m */; };
		A2ABFE011B1F25B80066C295 /* NewsDetailViewController.xib in Resources */ = {isa = PBXBuildFile; fileRef = A2ABFDA21B1F25B80066C295 /* NewsDetailViewController.xib */; };
		A2ABFE021B1F25B80066C295 /* NewsViewController.m in Sources */ = {isa = PBXBuildFile; fileRef = A2ABFDA41B1F25B80066C295 /* NewsViewController.m */; };
		A2ABFE031B1F25B80066C295 /* NewsViewController.xib in Resources */ = {isa = PBXBuildFile; fileRef = A2ABFDA51B1F25B80066C295 /* NewsViewController.xib */; };
		A2ABFE051B1F25B80066C295 /* BaseModel.m in Sources */ = {isa = PBXBuildFile; fileRef = A2ABFDAB1B1F25B80066C295 /* BaseModel.m */; };
		A2ABFE061B1F25B80066C295 /* News.m in Sources */ = {isa = PBXBuildFile; fileRef = A2ABFDAD1B1F25B80066C295 /* News.m */; };
		A2ABFE071B1F25B80066C295 /* User.m in Sources */ = {isa = PBXBuildFile; fileRef = A2ABFDAF1B1F25B80066C295 /* User.m */; };
		A2ABFE1C1B1F25B80066C295 /* MBProgressHUD.m in Sources */ = {isa = PBXBuildFile; fileRef = A2ABFDE41B1F25B80066C295 /* MBProgressHUD.m */; };
		A2ABFE1D1B1F25B80066C295 /* SSKeychain.m in Sources */ = {isa = PBXBuildFile; fileRef = A2ABFDE71B1F25B80066C295 /* SSKeychain.m */; };
		A2ABFE1E1B1F25B80066C295 /* SSKeychainQuery.m in Sources */ = {isa = PBXBuildFile; fileRef = A2ABFDE91B1F25B80066C295 /* SSKeychainQuery.m */; };
		A2ABFE2F1B1F25FC0066C295 /* contentTypes.json in Resources */ = {isa = PBXBuildFile; fileRef = A2ABFE2E1B1F25FC0066C295 /* contentTypes.json */; };
		A2ABFE3A1B1F26290066C295 /* NSDictionary+SafeAccess.m in Sources */ = {isa = PBXBuildFile; fileRef = A2ABFE341B1F26290066C295 /* NSDictionary+SafeAccess.m */; };
		A2ABFE3B1B1F26290066C295 /* NSString+DictionaryValue.m in Sources */ = {isa = PBXBuildFile; fileRef = A2ABFE361B1F26290066C295 /* NSString+DictionaryValue.m */; };
		A2ABFE421B1F28EC0066C295 /* NSDictionary+JSONString.m in Sources */ = {isa = PBXBuildFile; fileRef = A2ABFE411B1F28EC0066C295 /* NSDictionary+JSONString.m */; };
		B80760A61DE69201007D97E8 /* AFHTTPSessionManager.m in Sources */ = {isa = PBXBuildFile; fileRef = B807609A1DE69201007D97E8 /* AFHTTPSessionManager.m */; };
		B80760A71DE69201007D97E8 /* AFNetworkReachabilityManager.m in Sources */ = {isa = PBXBuildFile; fileRef = B807609D1DE69201007D97E8 /* AFNetworkReachabilityManager.m */; };
		B80760A81DE69201007D97E8 /* AFSecurityPolicy.m in Sources */ = {isa = PBXBuildFile; fileRef = B807609F1DE69201007D97E8 /* AFSecurityPolicy.m */; };
		B80760A91DE69201007D97E8 /* AFURLRequestSerialization.m in Sources */ = {isa = PBXBuildFile; fileRef = B80760A11DE69201007D97E8 /* AFURLRequestSerialization.m */; };
		B80760AA1DE69201007D97E8 /* AFURLResponseSerialization.m in Sources */ = {isa = PBXBuildFile; fileRef = B80760A31DE69201007D97E8 /* AFURLResponseSerialization.m */; };
		B80760AB1DE69201007D97E8 /* AFURLSessionManager.m in Sources */ = {isa = PBXBuildFile; fileRef = B80760A51DE69201007D97E8 /* AFURLSessionManager.m */; };
		B80760C01DE69259007D97E8 /* AFAutoPurgingImageCache.m in Sources */ = {isa = PBXBuildFile; fileRef = B80760AD1DE69259007D97E8 /* AFAutoPurgingImageCache.m */; };
		B80760C11DE69259007D97E8 /* AFImageDownloader.m in Sources */ = {isa = PBXBuildFile; fileRef = B80760AF1DE69259007D97E8 /* AFImageDownloader.m */; };
		B80760C21DE69259007D97E8 /* AFNetworkActivityIndicatorManager.m in Sources */ = {isa = PBXBuildFile; fileRef = B80760B11DE69259007D97E8 /* AFNetworkActivityIndicatorManager.m */; };
		B80760C31DE69259007D97E8 /* UIActivityIndicatorView+AFNetworking.m in Sources */ = {isa = PBXBuildFile; fileRef = B80760B31DE69259007D97E8 /* UIActivityIndicatorView+AFNetworking.m */; };
		B80760C41DE69259007D97E8 /* UIButton+AFNetworking.m in Sources */ = {isa = PBXBuildFile; fileRef = B80760B51DE69259007D97E8 /* UIButton+AFNetworking.m */; };
		B80760C51DE69259007D97E8 /* UIImageView+AFNetworking.m in Sources */ = {isa = PBXBuildFile; fileRef = B80760B81DE69259007D97E8 /* UIImageView+AFNetworking.m */; };
		B80760C61DE69259007D97E8 /* UIProgressView+AFNetworking.m in Sources */ = {isa = PBXBuildFile; fileRef = B80760BB1DE69259007D97E8 /* UIProgressView+AFNetworking.m */; };
		B80760C71DE69259007D97E8 /* UIRefreshControl+AFNetworking.m in Sources */ = {isa = PBXBuildFile; fileRef = B80760BD1DE69259007D97E8 /* UIRefreshControl+AFNetworking.m */; };
		B80760C81DE69259007D97E8 /* UIWebView+AFNetworking.m in Sources */ = {isa = PBXBuildFile; fileRef = B80760BF1DE69259007D97E8 /* UIWebView+AFNetworking.m */; };
		B807613C1DE6951B007D97E8 /* Info.plist in Resources */ = {isa = PBXBuildFile; fileRef = B80761261DE6951B007D97E8 /* Info.plist */; };
		B807613D1DE6951B007D97E8 /* JSONModel.m in Sources */ = {isa = PBXBuildFile; fileRef = B80761291DE6951B007D97E8 /* JSONModel.m */; };
		B807613E1DE6951B007D97E8 /* JSONModelClassProperty.m in Sources */ = {isa = PBXBuildFile; fileRef = B807612B1DE6951B007D97E8 /* JSONModelClassProperty.m */; };
		B807613F1DE6951B007D97E8 /* JSONModelError.m in Sources */ = {isa = PBXBuildFile; fileRef = B807612D1DE6951B007D97E8 /* JSONModelError.m */; };
		B80761401DE6951B007D97E8 /* JSONAPI.m in Sources */ = {isa = PBXBuildFile; fileRef = B80761311DE6951B007D97E8 /* JSONAPI.m */; };
		B80761411DE6951B007D97E8 /* JSONHTTPClient.m in Sources */ = {isa = PBXBuildFile; fileRef = B80761331DE6951B007D97E8 /* JSONHTTPClient.m */; };
		B80761421DE6951B007D97E8 /* JSONModel+networking.m in Sources */ = {isa = PBXBuildFile; fileRef = B80761351DE6951B007D97E8 /* JSONModel+networking.m */; };
		B80761431DE6951B007D97E8 /* JSONKeyMapper.m in Sources */ = {isa = PBXBuildFile; fileRef = B80761381DE6951B007D97E8 /* JSONKeyMapper.m */; };
		B80761441DE6951B007D97E8 /* JSONValueTransformer.m in Sources */ = {isa = PBXBuildFile; fileRef = B807613A1DE6951B007D97E8 /* JSONValueTransformer.m */; };
		B87E9E6D1CAE4003004BBB1F /* APIManager.m in Sources */ = {isa = PBXBuildFile; fileRef = B87E9E6C1CAE4003004BBB1F /* APIManager.m */; };
		B87E9ECD1CAE498C004BBB1F /* BaseViewController.m in Sources */ = {isa = PBXBuildFile; fileRef = B87E9ECA1CAE498C004BBB1F /* BaseViewController.m */; };
		B87E9ED41CAE49CD004BBB1F /* Constant.m in Sources */ = {isa = PBXBuildFile; fileRef = B87E9ED31CAE49CD004BBB1F /* Constant.m */; };
/* End PBXBuildFile section */

/* Begin PBXFileReference section */
		A2ABFD691B1F25490066C295 /* AFNetworking-demo.app */ = {isa = PBXFileReference; explicitFileType = wrapper.application; includeInIndex = 0; path = "AFNetworking-demo.app"; sourceTree = BUILT_PRODUCTS_DIR; };
		A2ABFD6D1B1F25490066C295 /* Info.plist */ = {isa = PBXFileReference; lastKnownFileType = text.plist.xml; path = Info.plist; sourceTree = "<group>"; };
		A2ABFD6E1B1F25490066C295 /* main.m */ = {isa = PBXFileReference; lastKnownFileType = sourcecode.c.objc; path = main.m; sourceTree = "<group>"; };
		A2ABFD701B1F25490066C295 /* AppDelegate.h */ = {isa = PBXFileReference; lastKnownFileType = sourcecode.c.h; path = AppDelegate.h; sourceTree = "<group>"; };
		A2ABFD711B1F25490066C295 /* AppDelegate.m */ = {isa = PBXFileReference; lastKnownFileType = sourcecode.c.objc; path = AppDelegate.m; sourceTree = "<group>"; };
		A2ABFD791B1F25490066C295 /* Images.xcassets */ = {isa = PBXFileReference; lastKnownFileType = folder.assetcatalog; path = Images.xcassets; sourceTree = "<group>"; };
		A2ABFD7C1B1F25490066C295 /* Base */ = {isa = PBXFileReference; lastKnownFileType = file.xib; name = Base; path = Base.lproj/LaunchScreen.xib; sourceTree = "<group>"; };
		A2ABFD921B1F257F0066C295 /* MainViewController.h */ = {isa = PBXFileReference; fileEncoding = 4; lastKnownFileType = sourcecode.c.h; path = MainViewController.h; sourceTree = "<group>"; };
		A2ABFD931B1F257F0066C295 /* MainViewController.m */ = {isa = PBXFileReference; fileEncoding = 4; lastKnownFileType = sourcecode.c.objc; path = MainViewController.m; sourceTree = "<group>"; };
		A2ABFD941B1F257F0066C295 /* MainViewController.xib */ = {isa = PBXFileReference; fileEncoding = 4; lastKnownFileType = file.xib; path = MainViewController.xib; sourceTree = "<group>"; };
		A2ABFD991B1F25B80066C295 /* LoginViewController.h */ = {isa = PBXFileReference; fileEncoding = 4; lastKnownFileType = sourcecode.c.h; path = LoginViewController.h; sourceTree = "<group>"; };
		A2ABFD9A1B1F25B80066C295 /* LoginViewController.m */ = {isa = PBXFileReference; fileEncoding = 4; lastKnownFileType = sourcecode.c.objc; path = LoginViewController.m; sourceTree = "<group>"; };
		A2ABFD9B1B1F25B80066C295 /* LoginViewController.xib */ = {isa = PBXFileReference; fileEncoding = 4; lastKnownFileType = file.xib; path = LoginViewController.xib; sourceTree = "<group>"; };
		A2ABFD9D1B1F25B80066C295 /* NewsCell.h */ = {isa = PBXFileReference; fileEncoding = 4; lastKnownFileType = sourcecode.c.h; path = NewsCell.h; sourceTree = "<group>"; };
		A2ABFD9E1B1F25B80066C295 /* NewsCell.m */ = {isa = PBXFileReference; fileEncoding = 4; lastKnownFileType = sourcecode.c.objc; path = NewsCell.m; sourceTree = "<group>"; };
		A2ABFD9F1B1F25B80066C295 /* NewsCell.xib */ = {isa = PBXFileReference; fileEncoding = 4; lastKnownFileType = file.xib; path = NewsCell.xib; sourceTree = "<group>"; };
		A2ABFDA01B1F25B80066C295 /* NewsDetailViewController.h */ = {isa = PBXFileReference; fileEncoding = 4; lastKnownFileType = sourcecode.c.h; path = NewsDetailViewController.h; sourceTree = "<group>"; };
		A2ABFDA11B1F25B80066C295 /* NewsDetailViewController.m */ = {isa = PBXFileReference; fileEncoding = 4; lastKnownFileType = sourcecode.c.objc; path = NewsDetailViewController.m; sourceTree = "<group>"; };
		A2ABFDA21B1F25B80066C295 /* NewsDetailViewController.xib */ = {isa = PBXFileReference; fileEncoding = 4; lastKnownFileType = file.xib; path = NewsDetailViewController.xib; sourceTree = "<group>"; };
		A2ABFDA31B1F25B80066C295 /* NewsViewController.h */ = {isa = PBXFileReference; fileEncoding = 4; lastKnownFileType = sourcecode.c.h; path = NewsViewController.h; sourceTree = "<group>"; };
		A2ABFDA41B1F25B80066C295 /* NewsViewController.m */ = {isa = PBXFileReference; fileEncoding = 4; lastKnownFileType = sourcecode.c.objc; path = NewsViewController.m; sourceTree = "<group>"; };
		A2ABFDA51B1F25B80066C295 /* NewsViewController.xib */ = {isa = PBXFileReference; fileEncoding = 4; lastKnownFileType = file.xib; path = NewsViewController.xib; sourceTree = "<group>"; };
		A2ABFDAA1B1F25B80066C295 /* BaseModel.h */ = {isa = PBXFileReference; fileEncoding = 4; lastKnownFileType = sourcecode.c.h; path = BaseModel.h; sourceTree = "<group>"; };
		A2ABFDAB1B1F25B80066C295 /* BaseModel.m */ = {isa = PBXFileReference; fileEncoding = 4; lastKnownFileType = sourcecode.c.objc; path = BaseModel.m; sourceTree = "<group>"; };
		A2ABFDAC1B1F25B80066C295 /* News.h */ = {isa = PBXFileReference; fileEncoding = 4; lastKnownFileType = sourcecode.c.h; path = News.h; sourceTree = "<group>"; };
		A2ABFDAD1B1F25B80066C295 /* News.m */ = {isa = PBXFileReference; fileEncoding = 4; lastKnownFileType = sourcecode.c.objc; path = News.m; sourceTree = "<group>"; };
		A2ABFDAE1B1F25B80066C295 /* User.h */ = {isa = PBXFileReference; fileEncoding = 4; lastKnownFileType = sourcecode.c.h; path = User.h; sourceTree = "<group>"; };
		A2ABFDAF1B1F25B80066C295 /* User.m */ = {isa = PBXFileReference; fileEncoding = 4; lastKnownFileType = sourcecode.c.objc; path = User.m; sourceTree = "<group>"; };
		A2ABFDE31B1F25B80066C295 /* MBProgressHUD.h */ = {isa = PBXFileReference; fileEncoding = 4; lastKnownFileType = sourcecode.c.h; path = MBProgressHUD.h; sourceTree = "<group>"; };
		A2ABFDE41B1F25B80066C295 /* MBProgressHUD.m */ = {isa = PBXFileReference; fileEncoding = 4; lastKnownFileType = sourcecode.c.objc; path = MBProgressHUD.m; sourceTree = "<group>"; };
		A2ABFDE61B1F25B80066C295 /* SSKeychain.h */ = {isa = PBXFileReference; fileEncoding = 4; lastKnownFileType = sourcecode.c.h; path = SSKeychain.h; sourceTree = "<group>"; };
		A2ABFDE71B1F25B80066C295 /* SSKeychain.m */ = {isa = PBXFileReference; fileEncoding = 4; lastKnownFileType = sourcecode.c.objc; path = SSKeychain.m; sourceTree = "<group>"; };
		A2ABFDE81B1F25B80066C295 /* SSKeychainQuery.h */ = {isa = PBXFileReference; fileEncoding = 4; lastKnownFileType = sourcecode.c.h; path = SSKeychainQuery.h; sourceTree = "<group>"; };
		A2ABFDE91B1F25B80066C295 /* SSKeychainQuery.m */ = {isa = PBXFileReference; fileEncoding = 4; lastKnownFileType = sourcecode.c.objc; path = SSKeychainQuery.m; sourceTree = "<group>"; };
		A2ABFE2E1B1F25FC0066C295 /* contentTypes.json */ = {isa = PBXFileReference; fileEncoding = 4; lastKnownFileType = text.json; path = contentTypes.json; sourceTree = "<group>"; };
		A2ABFE331B1F26290066C295 /* NSDictionary+SafeAccess.h */ = {isa = PBXFileReference; fileEncoding = 4; lastKnownFileType = sourcecode.c.h; path = "NSDictionary+SafeAccess.h"; sourceTree = "<group>"; };
		A2ABFE341B1F26290066C295 /* NSDictionary+SafeAccess.m */ = {isa = PBXFileReference; fileEncoding = 4; lastKnownFileType = sourcecode.c.objc; path = "NSDictionary+SafeAccess.m"; sourceTree = "<group>"; };
		A2ABFE351B1F26290066C295 /* NSString+DictionaryValue.h */ = {isa = PBXFileReference; fileEncoding = 4; lastKnownFileType = sourcecode.c.h; path = "NSString+DictionaryValue.h"; sourceTree = "<group>"; };
		A2ABFE361B1F26290066C295 /* NSString+DictionaryValue.m */ = {isa = PBXFileReference; fileEncoding = 4; lastKnownFileType = sourcecode.c.objc; path = "NSString+DictionaryValue.m"; sourceTree = "<group>"; };
		A2ABFE401B1F28EC0066C295 /* NSDictionary+JSONString.h */ = {isa = PBXFileReference; fileEncoding = 4; lastKnownFileType = sourcecode.c.h; path = "NSDictionary+JSONString.h"; sourceTree = "<group>"; };
		A2ABFE411B1F28EC0066C295 /* NSDictionary+JSONString.m */ = {isa = PBXFileReference; fileEncoding = 4; lastKnownFileType = sourcecode.c.objc; path = "NSDictionary+JSONString.m"; sourceTree = "<group>"; };
		B80760991DE69201007D97E8 /* AFHTTPSessionManager.h */ = {isa = PBXFileReference; fileEncoding = 4; lastKnownFileType = sourcecode.c.h; path = AFHTTPSessionManager.h; sourceTree = "<group>"; };
		B807609A1DE69201007D97E8 /* AFHTTPSessionManager.m */ = {isa = PBXFileReference; fileEncoding = 4; lastKnownFileType = sourcecode.c.objc; path = AFHTTPSessionManager.m; sourceTree = "<group>"; };
		B807609B1DE69201007D97E8 /* AFNetworking.h */ = {isa = PBXFileReference; fileEncoding = 4; lastKnownFileType = sourcecode.c.h; path = AFNetworking.h; sourceTree = "<group>"; };
		B807609C1DE69201007D97E8 /* AFNetworkReachabilityManager.h */ = {isa = PBXFileReference; fileEncoding = 4; lastKnownFileType = sourcecode.c.h; path = AFNetworkReachabilityManager.h; sourceTree = "<group>"; };
		B807609D1DE69201007D97E8 /* AFNetworkReachabilityManager.m */ = {isa = PBXFileReference; fileEncoding = 4; lastKnownFileType = sourcecode.c.objc; path = AFNetworkReachabilityManager.m; sourceTree = "<group>"; };
		B807609E1DE69201007D97E8 /* AFSecurityPolicy.h */ = {isa = PBXFileReference; fileEncoding = 4; lastKnownFileType = sourcecode.c.h; path = AFSecurityPolicy.h; sourceTree = "<group>"; };
		B807609F1DE69201007D97E8 /* AFSecurityPolicy.m */ = {isa = PBXFileReference; fileEncoding = 4; lastKnownFileType = sourcecode.c.objc; path = AFSecurityPolicy.m; sourceTree = "<group>"; };
		B80760A01DE69201007D97E8 /* AFURLRequestSerialization.h */ = {isa = PBXFileReference; fileEncoding = 4; lastKnownFileType = sourcecode.c.h; path = AFURLRequestSerialization.h; sourceTree = "<group>"; };
		B80760A11DE69201007D97E8 /* AFURLRequestSerialization.m */ = {isa = PBXFileReference; fileEncoding = 4; lastKnownFileType = sourcecode.c.objc; path = AFURLRequestSerialization.m; sourceTree = "<group>"; };
		B80760A21DE69201007D97E8 /* AFURLResponseSerialization.h */ = {isa = PBXFileReference; fileEncoding = 4; lastKnownFileType = sourcecode.c.h; path = AFURLResponseSerialization.h; sourceTree = "<group>"; };
		B80760A31DE69201007D97E8 /* AFURLResponseSerialization.m */ = {isa = PBXFileReference; fileEncoding = 4; lastKnownFileType = sourcecode.c.objc; path = AFURLResponseSerialization.m; sourceTree = "<group>"; };
		B80760A41DE69201007D97E8 /* AFURLSessionManager.h */ = {isa = PBXFileReference; fileEncoding = 4; lastKnownFileType = sourcecode.c.h; path = AFURLSessionManager.h; sourceTree = "<group>"; };
		B80760A51DE69201007D97E8 /* AFURLSessionManager.m */ = {isa = PBXFileReference; fileEncoding = 4; lastKnownFileType = sourcecode.c.objc; path = AFURLSessionManager.m; sourceTree = "<group>"; };
		B80760AC1DE69259007D97E8 /* AFAutoPurgingImageCache.h */ = {isa = PBXFileReference; fileEncoding = 4; lastKnownFileType = sourcecode.c.h; path = AFAutoPurgingImageCache.h; sourceTree = "<group>"; };
		B80760AD1DE69259007D97E8 /* AFAutoPurgingImageCache.m */ = {isa = PBXFileReference; fileEncoding = 4; lastKnownFileType = sourcecode.c.objc; path = AFAutoPurgingImageCache.m; sourceTree = "<group>"; };
		B80760AE1DE69259007D97E8 /* AFImageDownloader.h */ = {isa = PBXFileReference; fileEncoding = 4; lastKnownFileType = sourcecode.c.h; path = AFImageDownloader.h; sourceTree = "<group>"; };
		B80760AF1DE69259007D97E8 /* AFImageDownloader.m */ = {isa = PBXFileReference; fileEncoding = 4; lastKnownFileType = sourcecode.c.objc; path = AFImageDownloader.m; sourceTree = "<group>"; };
		B80760B01DE69259007D97E8 /* AFNetworkActivityIndicatorManager.h */ = {isa = PBXFileReference; fileEncoding = 4; lastKnownFileType = sourcecode.c.h; path = AFNetworkActivityIndicatorManager.h; sourceTree = "<group>"; };
		B80760B11DE69259007D97E8 /* AFNetworkActivityIndicatorManager.m */ = {isa = PBXFileReference; fileEncoding = 4; lastKnownFileType = sourcecode.c.objc; path = AFNetworkActivityIndicatorManager.m; sourceTree = "<group>"; };
		B80760B21DE69259007D97E8 /* UIActivityIndicatorView+AFNetworking.h */ = {isa = PBXFileReference; fileEncoding = 4; lastKnownFileType = sourcecode.c.h; path = "UIActivityIndicatorView+AFNetworking.h"; sourceTree = "<group>"; };
		B80760B31DE69259007D97E8 /* UIActivityIndicatorView+AFNetworking.m */ = {isa = PBXFileReference; fileEncoding = 4; lastKnownFileType = sourcecode.c.objc; path = "UIActivityIndicatorView+AFNetworking.m"; sourceTree = "<group>"; };
		B80760B41DE69259007D97E8 /* UIButton+AFNetworking.h */ = {isa = PBXFileReference; fileEncoding = 4; lastKnownFileType = sourcecode.c.h; path = "UIButton+AFNetworking.h"; sourceTree = "<group>"; };
		B80760B51DE69259007D97E8 /* UIButton+AFNetworking.m */ = {isa = PBXFileReference; fileEncoding = 4; lastKnownFileType = sourcecode.c.objc; path = "UIButton+AFNetworking.m"; sourceTree = "<group>"; };
		B80760B61DE69259007D97E8 /* UIImage+AFNetworking.h */ = {isa = PBXFileReference; fileEncoding = 4; lastKnownFileType = sourcecode.c.h; path = "UIImage+AFNetworking.h"; sourceTree = "<group>"; };
		B80760B71DE69259007D97E8 /* UIImageView+AFNetworking.h */ = {isa = PBXFileReference; fileEncoding = 4; lastKnownFileType = sourcecode.c.h; path = "UIImageView+AFNetworking.h"; sourceTree = "<group>"; };
		B80760B81DE69259007D97E8 /* UIImageView+AFNetworking.m */ = {isa = PBXFileReference; fileEncoding = 4; lastKnownFileType = sourcecode.c.objc; path = "UIImageView+AFNetworking.m"; sourceTree = "<group>"; };
		B80760B91DE69259007D97E8 /* UIKit+AFNetworking.h */ = {isa = PBXFileReference; fileEncoding = 4; lastKnownFileType = sourcecode.c.h; path = "UIKit+AFNetworking.h"; sourceTree = "<group>"; };
		B80760BA1DE69259007D97E8 /* UIProgressView+AFNetworking.h */ = {isa = PBXFileReference; fileEncoding = 4; lastKnownFileType = sourcecode.c.h; path = "UIProgressView+AFNetworking.h"; sourceTree = "<group>"; };
		B80760BB1DE69259007D97E8 /* UIProgressView+AFNetworking.m */ = {isa = PBXFileReference; fileEncoding = 4; lastKnownFileType = sourcecode.c.objc; path = "UIProgressView+AFNetworking.m"; sourceTree = "<group>"; };
		B80760BC1DE69259007D97E8 /* UIRefreshControl+AFNetworking.h */ = {isa = PBXFileReference; fileEncoding = 4; lastKnownFileType = sourcecode.c.h; path = "UIRefreshControl+AFNetworking.h"; sourceTree = "<group>"; };
		B80760BD1DE69259007D97E8 /* UIRefreshControl+AFNetworking.m */ = {isa = PBXFileReference; fileEncoding = 4; lastKnownFileType = sourcecode.c.objc; path = "UIRefreshControl+AFNetworking.m"; sourceTree = "<group>"; };
		B80760BE1DE69259007D97E8 /* UIWebView+AFNetworking.h */ = {isa = PBXFileReference; fileEncoding = 4; lastKnownFileType = sourcecode.c.h; path = "UIWebView+AFNetworking.h"; sourceTree = "<group>"; };
		B80760BF1DE69259007D97E8 /* UIWebView+AFNetworking.m */ = {isa = PBXFileReference; fileEncoding = 4; lastKnownFileType = sourcecode.c.objc; path = "UIWebView+AFNetworking.m"; sourceTree = "<group>"; };
		B80760CA1DE69442007D97E8 /* JSONModel.h */ = {isa = PBXFileReference; fileEncoding = 4; lastKnownFileType = sourcecode.c.h; path = JSONModel.h; sourceTree = "<group>"; };
		B80760CB1DE69442007D97E8 /* JSONModel.m */ = {isa = PBXFileReference; fileEncoding = 4; lastKnownFileType = sourcecode.c.objc; path = JSONModel.m; sourceTree = "<group>"; };
		B80760CC1DE69442007D97E8 /* JSONModelClassProperty.h */ = {isa = PBXFileReference; fileEncoding = 4; lastKnownFileType = sourcecode.c.h; path = JSONModelClassProperty.h; sourceTree = "<group>"; };
		B80760CD1DE69442007D97E8 /* JSONModelClassProperty.m */ = {isa = PBXFileReference; fileEncoding = 4; lastKnownFileType = sourcecode.c.objc; path = JSONModelClassProperty.m; sourceTree = "<group>"; };
		B80760CE1DE69442007D97E8 /* JSONModelError.h */ = {isa = PBXFileReference; fileEncoding = 4; lastKnownFileType = sourcecode.c.h; path = JSONModelError.h; sourceTree = "<group>"; };
		B80760CF1DE69442007D97E8 /* JSONModelError.m */ = {isa = PBXFileReference; fileEncoding = 4; lastKnownFileType = sourcecode.c.objc; path = JSONModelError.m; sourceTree = "<group>"; };
		B80760D01DE69442007D97E8 /* JSONModelLib.h */ = {isa = PBXFileReference; fileEncoding = 4; lastKnownFileType = sourcecode.c.h; path = JSONModelLib.h; sourceTree = "<group>"; };
		B80760D21DE69442007D97E8 /* JSONAPI.h */ = {isa = PBXFileReference; fileEncoding = 4; lastKnownFileType = sourcecode.c.h; path = JSONAPI.h; sourceTree = "<group>"; };
		B80760D31DE69442007D97E8 /* JSONAPI.m */ = {isa = PBXFileReference; fileEncoding = 4; lastKnownFileType = sourcecode.c.objc; path = JSONAPI.m; sourceTree = "<group>"; };
		B80760D41DE69442007D97E8 /* JSONHTTPClient.h */ = {isa = PBXFileReference; fileEncoding = 4; lastKnownFileType = sourcecode.c.h; path = JSONHTTPClient.h; sourceTree = "<group>"; };
		B80760D51DE69442007D97E8 /* JSONHTTPClient.m */ = {isa = PBXFileReference; fileEncoding = 4; lastKnownFileType = sourcecode.c.objc; path = JSONHTTPClient.m; sourceTree = "<group>"; };
		B80760D61DE69442007D97E8 /* JSONModel+networking.h */ = {isa = PBXFileReference; fileEncoding = 4; lastKnownFileType = sourcecode.c.h; path = "JSONModel+networking.h"; sourceTree = "<group>"; };
		B80760D71DE69442007D97E8 /* JSONModel+networking.m */ = {isa = PBXFileReference; fileEncoding = 4; lastKnownFileType = sourcecode.c.objc; path = "JSONModel+networking.m"; sourceTree = "<group>"; };
		B80760D91DE69442007D97E8 /* JSONKeyMapper.h */ = {isa = PBXFileReference; fileEncoding = 4; lastKnownFileType = sourcecode.c.h; path = JSONKeyMapper.h; sourceTree = "<group>"; };
		B80760DA1DE69442007D97E8 /* JSONKeyMapper.m */ = {isa = PBXFileReference; fileEncoding = 4; lastKnownFileType = sourcecode.c.objc; path = JSONKeyMapper.m; sourceTree = "<group>"; };
		B80760DB1DE69442007D97E8 /* JSONValueTransformer.h */ = {isa = PBXFileReference; fileEncoding = 4; lastKnownFileType = sourcecode.c.h; path = JSONValueTransformer.h; sourceTree = "<group>"; };
		B80760DC1DE69442007D97E8 /* JSONValueTransformer.m */ = {isa = PBXFileReference; fileEncoding = 4; lastKnownFileType = sourcecode.c.objc; path = JSONValueTransformer.m; sourceTree = "<group>"; };
		B80761261DE6951B007D97E8 /* Info.plist */ = {isa = PBXFileReference; fileEncoding = 4; lastKnownFileType = text.plist.xml; path = Info.plist; sourceTree = "<group>"; };
		B80761281DE6951B007D97E8 /* JSONModel.h */ = {isa = PBXFileReference; fileEncoding = 4; lastKnownFileType = sourcecode.c.h; path = JSONModel.h; sourceTree = "<group>"; };
		B80761291DE6951B007D97E8 /* JSONModel.m */ = {isa = PBXFileReference; fileEncoding = 4; lastKnownFileType = sourcecode.c.objc; path = JSONModel.m; sourceTree = "<group>"; };
		B807612A1DE6951B007D97E8 /* JSONModelClassProperty.h */ = {isa = PBXFileReference; fileEncoding = 4; lastKnownFileType = sourcecode.c.h; path = JSONModelClassProperty.h; sourceTree = "<group>"; };
		B807612B1DE6951B007D97E8 /* JSONModelClassProperty.m */ = {isa = PBXFileReference; fileEncoding = 4; lastKnownFileType = sourcecode.c.objc; path = JSONModelClassProperty.m; sourceTree = "<group>"; };
		B807612C1DE6951B007D97E8 /* JSONModelError.h */ = {isa = PBXFileReference; fileEncoding = 4; lastKnownFileType = sourcecode.c.h; path = JSONModelError.h; sourceTree = "<group>"; };
		B807612D1DE6951B007D97E8 /* JSONModelError.m */ = {isa = PBXFileReference; fileEncoding = 4; lastKnownFileType = sourcecode.c.objc; path = JSONModelError.m; sourceTree = "<group>"; };
		B807612E1DE6951B007D97E8 /* JSONModelLib.h */ = {isa = PBXFileReference; fileEncoding = 4; lastKnownFileType = sourcecode.c.h; path = JSONModelLib.h; sourceTree = "<group>"; };
		B80761301DE6951B007D97E8 /* JSONAPI.h */ = {isa = PBXFileReference; fileEncoding = 4; lastKnownFileType = sourcecode.c.h; path = JSONAPI.h; sourceTree = "<group>"; };
		B80761311DE6951B007D97E8 /* JSONAPI.m */ = {isa = PBXFileReference; fileEncoding = 4; lastKnownFileType = sourcecode.c.objc; path = JSONAPI.m; sourceTree = "<group>"; };
		B80761321DE6951B007D97E8 /* JSONHTTPClient.h */ = {isa = PBXFileReference; fileEncoding = 4; lastKnownFileType = sourcecode.c.h; path = JSONHTTPClient.h; sourceTree = "<group>"; };
		B80761331DE6951B007D97E8 /* JSONHTTPClient.m */ = {isa = PBXFileReference; fileEncoding = 4; lastKnownFileType = sourcecode.c.objc; path = JSONHTTPClient.m; sourceTree = "<group>"; };
		B80761341DE6951B007D97E8 /* JSONModel+networking.h */ = {isa = PBXFileReference; fileEncoding = 4; lastKnownFileType = sourcecode.c.h; path = "JSONModel+networking.h"; sourceTree = "<group>"; };
		B80761351DE6951B007D97E8 /* JSONModel+networking.m */ = {isa = PBXFileReference; fileEncoding = 4; lastKnownFileType = sourcecode.c.objc; path = "JSONModel+networking.m"; sourceTree = "<group>"; };
		B80761371DE6951B007D97E8 /* JSONKeyMapper.h */ = {isa = PBXFileReference; fileEncoding = 4; lastKnownFileType = sourcecode.c.h; path = JSONKeyMapper.h; sourceTree = "<group>"; };
		B80761381DE6951B007D97E8 /* JSONKeyMapper.m */ = {isa = PBXFileReference; fileEncoding = 4; lastKnownFileType = sourcecode.c.objc; path = JSONKeyMapper.m; sourceTree = "<group>"; };
		B80761391DE6951B007D97E8 /* JSONValueTransformer.h */ = {isa = PBXFileReference; fileEncoding = 4; lastKnownFileType = sourcecode.c.h; path = JSONValueTransformer.h; sourceTree = "<group>"; };
		B807613A1DE6951B007D97E8 /* JSONValueTransformer.m */ = {isa = PBXFileReference; fileEncoding = 4; lastKnownFileType = sourcecode.c.objc; path = JSONValueTransformer.m; sourceTree = "<group>"; };
		B807613B1DE6951B007D97E8 /* module.modulemap */ = {isa = PBXFileReference; fileEncoding = 4; lastKnownFileType = "sourcecode.module-map"; path = module.modulemap; sourceTree = "<group>"; };
		B87E9E6B1CAE4003004BBB1F /* APIManager.h */ = {isa = PBXFileReference; fileEncoding = 4; lastKnownFileType = sourcecode.c.h; path = APIManager.h; sourceTree = "<group>"; };
		B87E9E6C1CAE4003004BBB1F /* APIManager.m */ = {isa = PBXFileReference; fileEncoding = 4; lastKnownFileType = sourcecode.c.objc; path = APIManager.m; sourceTree = "<group>"; };
		B87E9EC91CAE498C004BBB1F /* BaseViewController.h */ = {isa = PBXFileReference; fileEncoding = 4; lastKnownFileType = sourcecode.c.h; path = BaseViewController.h; sourceTree = "<group>"; };
		B87E9ECA1CAE498C004BBB1F /* BaseViewController.m */ = {isa = PBXFileReference; fileEncoding = 4; lastKnownFileType = sourcecode.c.objc; path = BaseViewController.m; sourceTree = "<group>"; };
		B87E9ED21CAE49CD004BBB1F /* Constant.h */ = {isa = PBXFileReference; fileEncoding = 4; lastKnownFileType = sourcecode.c.h; path = Constant.h; sourceTree = "<group>"; };
		B87E9ED31CAE49CD004BBB1F /* Constant.m */ = {isa = PBXFileReference; fileEncoding = 4; lastKnownFileType = sourcecode.c.objc; path = Constant.m; sourceTree = "<group>"; };
/* End PBXFileReference section */

/* Begin PBXFrameworksBuildPhase section */
		A2ABFD661B1F25490066C295 /* Frameworks */ = {
			isa = PBXFrameworksBuildPhase;
			buildActionMask = 2147483647;
			files = (
			);
			runOnlyForDeploymentPostprocessing = 0;
		};
/* End PBXFrameworksBuildPhase section */

/* Begin PBXGroup section */
		A2ABFD601B1F25490066C295 = {
			isa = PBXGroup;
			children = (
				A2ABFD6B1B1F25490066C295 /* AFNetworking-demo */,
				A2ABFD6A1B1F25490066C295 /* Products */,
			);
			sourceTree = "<group>";
		};
		A2ABFD6A1B1F25490066C295 /* Products */ = {
			isa = PBXGroup;
			children = (
				A2ABFD691B1F25490066C295 /* AFNetworking-demo.app */,
			);
			name = Products;
			sourceTree = "<group>";
		};
		A2ABFD6B1B1F25490066C295 /* AFNetworking-demo */ = {
			isa = PBXGroup;
			children = (
				B87E9EC81CAE498C004BBB1F /* Base */,
				A2ABFD971B1F25B70066C295 /* Controller */,
				A2ABFE301B1F26290066C295 /* Category */,
				A2ABFDA61B1F25B80066C295 /* Manager */,
				A2ABFDA91B1F25B80066C295 /* Model */,
				A2ABFDB01B1F25B80066C295 /* Vendor */,
				A2ABFD701B1F25490066C295 /* AppDelegate.h */,
				A2ABFD711B1F25490066C295 /* AppDelegate.m */,
				A2ABFD921B1F257F0066C295 /* MainViewController.h */,
				A2ABFD931B1F257F0066C295 /* MainViewController.m */,
				B87E9ED21CAE49CD004BBB1F /* Constant.h */,
				B87E9ED31CAE49CD004BBB1F /* Constant.m */,
				A2ABFD941B1F257F0066C295 /* MainViewController.xib */,
				A2ABFE2E1B1F25FC0066C295 /* contentTypes.json */,
				A2ABFD791B1F25490066C295 /* Images.xcassets */,
				A2ABFD7B1B1F25490066C295 /* LaunchScreen.xib */,
				A2ABFD6C1B1F25490066C295 /* Supporting Files */,
			);
			path = "AFNetworking-demo";
			sourceTree = "<group>";
		};
		A2ABFD6C1B1F25490066C295 /* Supporting Files */ = {
			isa = PBXGroup;
			children = (
				A2ABFD6D1B1F25490066C295 /* Info.plist */,
				A2ABFD6E1B1F25490066C295 /* main.m */,
			);
			name = "Supporting Files";
			sourceTree = "<group>";
		};
		A2ABFD971B1F25B70066C295 /* Controller */ = {
			isa = PBXGroup;
			children = (
				A2ABFD981B1F25B80066C295 /* Login */,
				A2ABFD9C1B1F25B80066C295 /* News */,
			);
			path = Controller;
			sourceTree = "<group>";
		};
		A2ABFD981B1F25B80066C295 /* Login */ = {
			isa = PBXGroup;
			children = (
				A2ABFD991B1F25B80066C295 /* LoginViewController.h */,
				A2ABFD9A1B1F25B80066C295 /* LoginViewController.m */,
				A2ABFD9B1B1F25B80066C295 /* LoginViewController.xib */,
			);
			path = Login;
			sourceTree = "<group>";
		};
		A2ABFD9C1B1F25B80066C295 /* News */ = {
			isa = PBXGroup;
			children = (
				A2ABFD9D1B1F25B80066C295 /* NewsCell.h */,
				A2ABFD9E1B1F25B80066C295 /* NewsCell.m */,
				A2ABFD9F1B1F25B80066C295 /* NewsCell.xib */,
				A2ABFDA01B1F25B80066C295 /* NewsDetailViewController.h */,
				A2ABFDA11B1F25B80066C295 /* NewsDetailViewController.m */,
				A2ABFDA21B1F25B80066C295 /* NewsDetailViewController.xib */,
				A2ABFDA31B1F25B80066C295 /* NewsViewController.h */,
				A2ABFDA41B1F25B80066C295 /* NewsViewController.m */,
				A2ABFDA51B1F25B80066C295 /* NewsViewController.xib */,
			);
			path = News;
			sourceTree = "<group>";
		};
		A2ABFDA61B1F25B80066C295 /* Manager */ = {
			isa = PBXGroup;
			children = (
				B87E9E6B1CAE4003004BBB1F /* APIManager.h */,
				B87E9E6C1CAE4003004BBB1F /* APIManager.m */,
			);
			path = Manager;
			sourceTree = "<group>";
		};
		A2ABFDA91B1F25B80066C295 /* Model */ = {
			isa = PBXGroup;
			children = (
				A2ABFDAA1B1F25B80066C295 /* BaseModel.h */,
				A2ABFDAB1B1F25B80066C295 /* BaseModel.m */,
				A2ABFDAC1B1F25B80066C295 /* News.h */,
				A2ABFDAD1B1F25B80066C295 /* News.m */,
				A2ABFDAE1B1F25B80066C295 /* User.h */,
				A2ABFDAF1B1F25B80066C295 /* User.m */,
			);
			path = Model;
			sourceTree = "<group>";
		};
		A2ABFDB01B1F25B80066C295 /* Vendor */ = {
			isa = PBXGroup;
			children = (
				B80761251DE6951B007D97E8 /* JSONModel */,
				B87E9E6E1CAE4220004BBB1F /* UIKit+AFNetworking */,
				B87E9E571CAE3FEE004BBB1F /* AFNetworking */,
				A2ABFDC81B1F25B80066C295 /* JSONModel */,
				A2ABFDE21B1F25B80066C295 /* MBProgressHUD */,
				A2ABFDE51B1F25B80066C295 /* SSKeychain */,
			);
			path = Vendor;
			sourceTree = "<group>";
		};
		A2ABFDC81B1F25B80066C295 /* JSONModel */ = {
			isa = PBXGroup;
			children = (
				B80760C91DE69442007D97E8 /* JSONModel */,
				B80760D01DE69442007D97E8 /* JSONModelLib.h */,
				B80760D11DE69442007D97E8 /* JSONModelNetworking */,
				B80760D81DE69442007D97E8 /* JSONModelTransformations */,
			);
			path = JSONModel;
			sourceTree = "<group>";
		};
		A2ABFDE21B1F25B80066C295 /* MBProgressHUD */ = {
			isa = PBXGroup;
			children = (
				A2ABFDE31B1F25B80066C295 /* MBProgressHUD.h */,
				A2ABFDE41B1F25B80066C295 /* MBProgressHUD.m */,
			);
			path = MBProgressHUD;
			sourceTree = "<group>";
		};
		A2ABFDE51B1F25B80066C295 /* SSKeychain */ = {
			isa = PBXGroup;
			children = (
				A2ABFDE61B1F25B80066C295 /* SSKeychain.h */,
				A2ABFDE71B1F25B80066C295 /* SSKeychain.m */,
				A2ABFDE81B1F25B80066C295 /* SSKeychainQuery.h */,
				A2ABFDE91B1F25B80066C295 /* SSKeychainQuery.m */,
			);
			path = SSKeychain;
			sourceTree = "<group>";
		};
		A2ABFE301B1F26290066C295 /* Category */ = {
			isa = PBXGroup;
			children = (
				A2ABFE401B1F28EC0066C295 /* NSDictionary+JSONString.h */,
				A2ABFE411B1F28EC0066C295 /* NSDictionary+JSONString.m */,
				A2ABFE331B1F26290066C295 /* NSDictionary+SafeAccess.h */,
				A2ABFE341B1F26290066C295 /* NSDictionary+SafeAccess.m */,
				A2ABFE351B1F26290066C295 /* NSString+DictionaryValue.h */,
				A2ABFE361B1F26290066C295 /* NSString+DictionaryValue.m */,
			);
			path = Category;
			sourceTree = "<group>";
		};
		B80760C91DE69442007D97E8 /* JSONModel */ = {
			isa = PBXGroup;
			children = (
				B80760CA1DE69442007D97E8 /* JSONModel.h */,
				B80760CB1DE69442007D97E8 /* JSONModel.m */,
				B80760CC1DE69442007D97E8 /* JSONModelClassProperty.h */,
				B80760CD1DE69442007D97E8 /* JSONModelClassProperty.m */,
				B80760CE1DE69442007D97E8 /* JSONModelError.h */,
				B80760CF1DE69442007D97E8 /* JSONModelError.m */,
			);
			path = JSONModel;
			sourceTree = "<group>";
		};
		B80760D11DE69442007D97E8 /* JSONModelNetworking */ = {
			isa = PBXGroup;
			children = (
				B80760D21DE69442007D97E8 /* JSONAPI.h */,
				B80760D31DE69442007D97E8 /* JSONAPI.m */,
				B80760D41DE69442007D97E8 /* JSONHTTPClient.h */,
				B80760D51DE69442007D97E8 /* JSONHTTPClient.m */,
				B80760D61DE69442007D97E8 /* JSONModel+networking.h */,
				B80760D71DE69442007D97E8 /* JSONModel+networking.m */,
			);
			path = JSONModelNetworking;
			sourceTree = "<group>";
		};
		B80760D81DE69442007D97E8 /* JSONModelTransformations */ = {
			isa = PBXGroup;
			children = (
				B80760D91DE69442007D97E8 /* JSONKeyMapper.h */,
				B80760DA1DE69442007D97E8 /* JSONKeyMapper.m */,
				B80760DB1DE69442007D97E8 /* JSONValueTransformer.h */,
				B80760DC1DE69442007D97E8 /* JSONValueTransformer.m */,
			);
			path = JSONModelTransformations;
			sourceTree = "<group>";
		};
		B80761251DE6951B007D97E8 /* JSONModel */ = {
			isa = PBXGroup;
			children = (
				B80761261DE6951B007D97E8 /* Info.plist */,
				B80761271DE6951B007D97E8 /* JSONModel */,
				B807612E1DE6951B007D97E8 /* JSONModelLib.h */,
				B807612F1DE6951B007D97E8 /* JSONModelNetworking */,
				B80761361DE6951B007D97E8 /* JSONModelTransformations */,
				B807613B1DE6951B007D97E8 /* module.modulemap */,
			);
			path = JSONModel;
			sourceTree = "<group>";
		};
		B80761271DE6951B007D97E8 /* JSONModel */ = {
			isa = PBXGroup;
			children = (
				B80761281DE6951B007D97E8 /* JSONModel.h */,
				B80761291DE6951B007D97E8 /* JSONModel.m */,
				B807612A1DE6951B007D97E8 /* JSONModelClassProperty.h */,
				B807612B1DE6951B007D97E8 /* JSONModelClassProperty.m */,
				B807612C1DE6951B007D97E8 /* JSONModelError.h */,
				B807612D1DE6951B007D97E8 /* JSONModelError.m */,
			);
			path = JSONModel;
			sourceTree = "<group>";
		};
		B807612F1DE6951B007D97E8 /* JSONModelNetworking */ = {
			isa = PBXGroup;
			children = (
				B80761301DE6951B007D97E8 /* JSONAPI.h */,
				B80761311DE6951B007D97E8 /* JSONAPI.m */,
				B80761321DE6951B007D97E8 /* JSONHTTPClient.h */,
				B80761331DE6951B007D97E8 /* JSONHTTPClient.m */,
				B80761341DE6951B007D97E8 /* JSONModel+networking.h */,
				B80761351DE6951B007D97E8 /* JSONModel+networking.m */,
			);
			path = JSONModelNetworking;
			sourceTree = "<group>";
		};
		B80761361DE6951B007D97E8 /* JSONModelTransformations */ = {
			isa = PBXGroup;
			children = (
				B80761371DE6951B007D97E8 /* JSONKeyMapper.h */,
				B80761381DE6951B007D97E8 /* JSONKeyMapper.m */,
				B80761391DE6951B007D97E8 /* JSONValueTransformer.h */,
				B807613A1DE6951B007D97E8 /* JSONValueTransformer.m */,
			);
			path = JSONModelTransformations;
			sourceTree = "<group>";
		};
		B87E9E571CAE3FEE004BBB1F /* AFNetworking */ = {
			isa = PBXGroup;
			children = (
				B80760991DE69201007D97E8 /* AFHTTPSessionManager.h */,
				B807609A1DE69201007D97E8 /* AFHTTPSessionManager.m */,
				B807609B1DE69201007D97E8 /* AFNetworking.h */,
				B807609C1DE69201007D97E8 /* AFNetworkReachabilityManager.h */,
				B807609D1DE69201007D97E8 /* AFNetworkReachabilityManager.m */,
				B807609E1DE69201007D97E8 /* AFSecurityPolicy.h */,
				B807609F1DE69201007D97E8 /* AFSecurityPolicy.m */,
				B80760A01DE69201007D97E8 /* AFURLRequestSerialization.h */,
				B80760A11DE69201007D97E8 /* AFURLRequestSerialization.m */,
				B80760A21DE69201007D97E8 /* AFURLResponseSerialization.h */,
				B80760A31DE69201007D97E8 /* AFURLResponseSerialization.m */,
				B80760A41DE69201007D97E8 /* AFURLSessionManager.h */,
				B80760A51DE69201007D97E8 /* AFURLSessionManager.m */,
			);
			path = AFNetworking;
			sourceTree = "<group>";
		};
		B87E9E6E1CAE4220004BBB1F /* UIKit+AFNetworking */ = {
			isa = PBXGroup;
			children = (
				B80760AC1DE69259007D97E8 /* AFAutoPurgingImageCache.h */,
				B80760AD1DE69259007D97E8 /* AFAutoPurgingImageCache.m */,
				B80760AE1DE69259007D97E8 /* AFImageDownloader.h */,
				B80760AF1DE69259007D97E8 /* AFImageDownloader.m */,
				B80760B01DE69259007D97E8 /* AFNetworkActivityIndicatorManager.h */,
				B80760B11DE69259007D97E8 /* AFNetworkActivityIndicatorManager.m */,
				B80760B21DE69259007D97E8 /* UIActivityIndicatorView+AFNetworking.h */,
				B80760B31DE69259007D97E8 /* UIActivityIndicatorView+AFNetworking.m */,
				B80760B41DE69259007D97E8 /* UIButton+AFNetworking.h */,
				B80760B51DE69259007D97E8 /* UIButton+AFNetworking.m */,
				B80760B61DE69259007D97E8 /* UIImage+AFNetworking.h */,
				B80760B71DE69259007D97E8 /* UIImageView+AFNetworking.h */,
				B80760B81DE69259007D97E8 /* UIImageView+AFNetworking.m */,
				B80760B91DE69259007D97E8 /* UIKit+AFNetworking.h */,
				B80760BA1DE69259007D97E8 /* UIProgressView+AFNetworking.h */,
				B80760BB1DE69259007D97E8 /* UIProgressView+AFNetworking.m */,
				B80760BC1DE69259007D97E8 /* UIRefreshControl+AFNetworking.h */,
				B80760BD1DE69259007D97E8 /* UIRefreshControl+AFNetworking.m */,
				B80760BE1DE69259007D97E8 /* UIWebView+AFNetworking.h */,
				B80760BF1DE69259007D97E8 /* UIWebView+AFNetworking.m */,
			);
			path = "UIKit+AFNetworking";
			sourceTree = "<group>";
		};
		B87E9EC81CAE498C004BBB1F /* Base */ = {
			isa = PBXGroup;
			children = (
				B87E9EC91CAE498C004BBB1F /* BaseViewController.h */,
				B87E9ECA1CAE498C004BBB1F /* BaseViewController.m */,
			);
			path = Base;
			sourceTree = "<group>";
		};
/* End PBXGroup section */

/* Begin PBXNativeTarget section */
		A2ABFD681B1F25490066C295 /* AFNetworking-demo */ = {
			isa = PBXNativeTarget;
			buildConfigurationList = A2ABFD8C1B1F25490066C295 /* Build configuration list for PBXNativeTarget "AFNetworking-demo" */;
			buildPhases = (
				A2ABFD651B1F25490066C295 /* Sources */,
				A2ABFD661B1F25490066C295 /* Frameworks */,
				A2ABFD671B1F25490066C295 /* Resources */,
			);
			buildRules = (
			);
			dependencies = (
			);
			name = "AFNetworking-demo";
			productName = "AFNetworking-demo";
			productReference = A2ABFD691B1F25490066C295 /* AFNetworking-demo.app */;
			productType = "com.apple.product-type.application";
		};
/* End PBXNativeTarget section */

/* Begin PBXProject section */
		A2ABFD611B1F25490066C295 /* Project object */ = {
			isa = PBXProject;
			attributes = {
				LastUpgradeCheck = 0730;
				ORGANIZATIONNAME = Jakey;
				TargetAttributes = {
					A2ABFD681B1F25490066C295 = {
						CreatedOnToolsVersion = 6.3;
					};
				};
			};
			buildConfigurationList = A2ABFD641B1F25490066C295 /* Build configuration list for PBXProject "AFNetworking-demo" */;
			compatibilityVersion = "Xcode 3.2";
			developmentRegion = English;
			hasScannedForEncodings = 0;
			knownRegions = (
				en,
				Base,
			);
			mainGroup = A2ABFD601B1F25490066C295;
			productRefGroup = A2ABFD6A1B1F25490066C295 /* Products */;
			projectDirPath = "";
			projectRoot = "";
			targets = (
				A2ABFD681B1F25490066C295 /* AFNetworking-demo */,
			);
		};
/* End PBXProject section */

/* Begin PBXResourcesBuildPhase section */
		A2ABFD671B1F25490066C295 /* Resources */ = {
			isa = PBXResourcesBuildPhase;
			buildActionMask = 2147483647;
			files = (
				A2ABFE011B1F25B80066C295 /* NewsDetailViewController.xib in Resources */,
				A2ABFE2F1B1F25FC0066C295 /* contentTypes.json in Resources */,
				B807613C1DE6951B007D97E8 /* Info.plist in Resources */,
				A2ABFDFD1B1F25B80066C295 /* LoginViewController.xib in Resources */,
				A2ABFD7D1B1F25490066C295 /* LaunchScreen.xib in Resources */,
				A2ABFDFF1B1F25B80066C295 /* NewsCell.xib in Resources */,
				A2ABFD7A1B1F25490066C295 /* Images.xcassets in Resources */,
				A2ABFD961B1F257F0066C295 /* MainViewController.xib in Resources */,
				A2ABFE031B1F25B80066C295 /* NewsViewController.xib in Resources */,
			);
			runOnlyForDeploymentPostprocessing = 0;
		};
/* End PBXResourcesBuildPhase section */

/* Begin PBXSourcesBuildPhase section */
		A2ABFD651B1F25490066C295 /* Sources */ = {
			isa = PBXSourcesBuildPhase;
			buildActionMask = 2147483647;
			files = (
				B87E9ED41CAE49CD004BBB1F /* Constant.m in Sources */,
				B80760C51DE69259007D97E8 /* UIImageView+AFNetworking.m in Sources */,
				B807613F1DE6951B007D97E8 /* JSONModelError.m in Sources */,
				B80760AB1DE69201007D97E8 /* AFURLSessionManager.m in Sources */,
				A2ABFE061B1F25B80066C295 /* News.m in Sources */,
				B80760A91DE69201007D97E8 /* AFURLRequestSerialization.m in Sources */,
				A2ABFE051B1F25B80066C295 /* BaseModel.m in Sources */,
				B80761421DE6951B007D97E8 /* JSONModel+networking.m in Sources */,
				A2ABFDFC1B1F25B80066C295 /* LoginViewController.m in Sources */,
				A2ABFD721B1F25490066C295 /* AppDelegate.m in Sources */,
				B80760C21DE69259007D97E8 /* AFNetworkActivityIndicatorManager.m in Sources */,
				B80761441DE6951B007D97E8 /* JSONValueTransformer.m in Sources */,
				B87E9ECD1CAE498C004BBB1F /* BaseViewController.m in Sources */,
				B80760C41DE69259007D97E8 /* UIButton+AFNetworking.m in Sources */,
				A2ABFE1D1B1F25B80066C295 /* SSKeychain.m in Sources */,
				B80760C31DE69259007D97E8 /* UIActivityIndicatorView+AFNetworking.m in Sources */,
				A2ABFD6F1B1F25490066C295 /* main.m in Sources */,
				B807613D1DE6951B007D97E8 /* JSONModel.m in Sources */,
				B80761431DE6951B007D97E8 /* JSONKeyMapper.m in Sources */,
				B80761401DE6951B007D97E8 /* JSONAPI.m in Sources */,
				A2ABFE3A1B1F26290066C295 /* NSDictionary+SafeAccess.m in Sources */,
				B80760A81DE69201007D97E8 /* AFSecurityPolicy.m in Sources */,
				A2ABFE1C1B1F25B80066C295 /* MBProgressHUD.m in Sources */,
				B80760C01DE69259007D97E8 /* AFAutoPurgingImageCache.m in Sources */,
				B80760C61DE69259007D97E8 /* UIProgressView+AFNetworking.m in Sources */,
				B80760A71DE69201007D97E8 /* AFNetworkReachabilityManager.m in Sources */,
				A2ABFDFE1B1F25B80066C295 /* NewsCell.m in Sources */,
				A2ABFE071B1F25B80066C295 /* User.m in Sources */,
				A2ABFE1E1B1F25B80066C295 /* SSKeychainQuery.m in Sources */,
				A2ABFE421B1F28EC0066C295 /* NSDictionary+JSONString.m in Sources */,
				A2ABFE001B1F25B80066C295 /* NewsDetailViewController.m in Sources */,
				A2ABFD951B1F257F0066C295 /* MainViewController.m in Sources */,
				A2ABFE3B1B1F26290066C295 /* NSString+DictionaryValue.m in Sources */,
				A2ABFE021B1F25B80066C295 /* NewsViewController.m in Sources */,
				B807613E1DE6951B007D97E8 /* JSONModelClassProperty.m in Sources */,
				B80760AA1DE69201007D97E8 /* AFURLResponseSerialization.m in Sources */,
				B80761411DE6951B007D97E8 /* JSONHTTPClient.m in Sources */,
				B80760C11DE69259007D97E8 /* AFImageDownloader.m in Sources */,
				B80760C81DE69259007D97E8 /* UIWebView+AFNetworking.m in Sources */,
				B80760A61DE69201007D97E8 /* AFHTTPSessionManager.m in Sources */,
				B87E9E6D1CAE4003004BBB1F /* APIManager.m in Sources */,
				B80760C71DE69259007D97E8 /* UIRefreshControl+AFNetworking.m in Sources */,
			);
			runOnlyForDeploymentPostprocessing = 0;
		};
/* End PBXSourcesBuildPhase section */

/* Begin PBXVariantGroup section */
		A2ABFD7B1B1F25490066C295 /* LaunchScreen.xib */ = {
			isa = PBXVariantGroup;
			children = (
				A2ABFD7C1B1F25490066C295 /* Base */,
			);
			name = LaunchScreen.xib;
			sourceTree = "<group>";
		};
/* End PBXVariantGroup section */

/* Begin XCBuildConfiguration section */
		A2ABFD8A1B1F25490066C295 /* Debug */ = {
			isa = XCBuildConfiguration;
			buildSettings = {
				ALWAYS_SEARCH_USER_PATHS = NO;
				CLANG_CXX_LANGUAGE_STANDARD = "gnu++0x";
				CLANG_CXX_LIBRARY = "libc++";
				CLANG_ENABLE_MODULES = YES;
				CLANG_ENABLE_OBJC_ARC = YES;
				CLANG_WARN_BOOL_CONVERSION = YES;
				CLANG_WARN_CONSTANT_CONVERSION = YES;
				CLANG_WARN_DIRECT_OBJC_ISA_USAGE = YES_ERROR;
				CLANG_WARN_EMPTY_BODY = YES;
				CLANG_WARN_ENUM_CONVERSION = YES;
				CLANG_WARN_INT_CONVERSION = YES;
				CLANG_WARN_OBJC_ROOT_CLASS = YES_ERROR;
				CLANG_WARN_UNREACHABLE_CODE = YES;
				CLANG_WARN__DUPLICATE_METHOD_MATCH = YES;
				"CODE_SIGN_IDENTITY[sdk=iphoneos*]" = "iPhone Developer";
				COPY_PHASE_STRIP = NO;
				DEBUG_INFORMATION_FORMAT = "dwarf-with-dsym";
				ENABLE_STRICT_OBJC_MSGSEND = YES;
				ENABLE_TESTABILITY = YES;
				GCC_C_LANGUAGE_STANDARD = gnu99;
				GCC_DYNAMIC_NO_PIC = NO;
				GCC_NO_COMMON_BLOCKS = YES;
				GCC_OPTIMIZATION_LEVEL = 0;
				GCC_PREPROCESSOR_DEFINITIONS = (
					"DEBUG=1",
					"$(inherited)",
				);
				GCC_SYMBOLS_PRIVATE_EXTERN = NO;
				GCC_WARN_64_TO_32_BIT_CONVERSION = YES;
				GCC_WARN_ABOUT_RETURN_TYPE = YES_ERROR;
				GCC_WARN_UNDECLARED_SELECTOR = YES;
				GCC_WARN_UNINITIALIZED_AUTOS = YES_AGGRESSIVE;
				GCC_WARN_UNUSED_FUNCTION = YES;
				GCC_WARN_UNUSED_VARIABLE = YES;
				IPHONEOS_DEPLOYMENT_TARGET = 7.0;
				MTL_ENABLE_DEBUG_INFO = YES;
				ONLY_ACTIVE_ARCH = YES;
				SDKROOT = iphoneos;
			};
			name = Debug;
		};
		A2ABFD8B1B1F25490066C295 /* Release */ = {
			isa = XCBuildConfiguration;
			buildSettings = {
				ALWAYS_SEARCH_USER_PATHS = NO;
				CLANG_CXX_LANGUAGE_STANDARD = "gnu++0x";
				CLANG_CXX_LIBRARY = "libc++";
				CLANG_ENABLE_MODULES = YES;
				CLANG_ENABLE_OBJC_ARC = YES;
				CLANG_WARN_BOOL_CONVERSION = YES;
				CLANG_WARN_CONSTANT_CONVERSION = YES;
				CLANG_WARN_DIRECT_OBJC_ISA_USAGE = YES_ERROR;
				CLANG_WARN_EMPTY_BODY = YES;
				CLANG_WARN_ENUM_CONVERSION = YES;
				CLANG_WARN_INT_CONVERSION = YES;
				CLANG_WARN_OBJC_ROOT_CLASS = YES_ERROR;
				CLANG_WARN_UNREACHABLE_CODE = YES;
				CLANG_WARN__DUPLICATE_METHOD_MATCH = YES;
				"CODE_SIGN_IDENTITY[sdk=iphoneos*]" = "iPhone Developer";
				COPY_PHASE_STRIP = NO;
				DEBUG_INFORMATION_FORMAT = "dwarf-with-dsym";
				ENABLE_NS_ASSERTIONS = NO;
				ENABLE_STRICT_OBJC_MSGSEND = YES;
				GCC_C_LANGUAGE_STANDARD = gnu99;
				GCC_NO_COMMON_BLOCKS = YES;
				GCC_WARN_64_TO_32_BIT_CONVERSION = YES;
				GCC_WARN_ABOUT_RETURN_TYPE = YES_ERROR;
				GCC_WARN_UNDECLARED_SELECTOR = YES;
				GCC_WARN_UNINITIALIZED_AUTOS = YES_AGGRESSIVE;
				GCC_WARN_UNUSED_FUNCTION = YES;
				GCC_WARN_UNUSED_VARIABLE = YES;
				IPHONEOS_DEPLOYMENT_TARGET = 7.0;
				MTL_ENABLE_DEBUG_INFO = NO;
				SDKROOT = iphoneos;
				VALIDATE_PRODUCT = YES;
			};
			name = Release;
		};
		A2ABFD8D1B1F25490066C295 /* Debug */ = {
			isa = XCBuildConfiguration;
			buildSettings = {
				ASSETCATALOG_COMPILER_APPICON_NAME = AppIcon;
				INFOPLIST_FILE = "AFNetworking-demo/Info.plist";
				LD_RUNPATH_SEARCH_PATHS = "$(inherited) @executable_path/Frameworks";
				PRODUCT_BUNDLE_IDENTIFIER = "org.skyfox.$(PRODUCT_NAME:rfc1034identifier)";
				PRODUCT_NAME = "$(TARGET_NAME)";
			};
			name = Debug;
		};
		A2ABFD8E1B1F25490066C295 /* Release */ = {
			isa = XCBuildConfiguration;
			buildSettings = {
				ASSETCATALOG_COMPILER_APPICON_NAME = AppIcon;
				INFOPLIST_FILE = "AFNetworking-demo/Info.plist";
				LD_RUNPATH_SEARCH_PATHS = "$(inherited) @executable_path/Frameworks";
				PRODUCT_BUNDLE_IDENTIFIER = "org.skyfox.$(PRODUCT_NAME:rfc1034identifier)";
				PRODUCT_NAME = "$(TARGET_NAME)";
			};
			name = Release;
		};
/* End XCBuildConfiguration section */

/* Begin XCConfigurationList section */
		A2ABFD641B1F25490066C295 /* Build configuration list for PBXProject "AFNetworking-demo" */ = {
			isa = XCConfigurationList;
			buildConfigurations = (
				A2ABFD8A1B1F25490066C295 /* Debug */,
				A2ABFD8B1B1F25490066C295 /* Release */,
			);
			defaultConfigurationIsVisible = 0;
			defaultConfigurationName = Release;
		};
		A2ABFD8C1B1F25490066C295 /* Build configuration list for PBXNativeTarget "AFNetworking-demo" */ = {
			isa = XCConfigurationList;
			buildConfigurations = (
				A2ABFD8D1B1F25490066C295 /* Debug */,
				A2ABFD8E1B1F25490066C295 /* Release */,
			);
			defaultConfigurationIsVisible = 0;
			defaultConfigurationName = Release;
		};
/* End XCConfigurationList section */
	};
	rootObject = A2ABFD611B1F25490066C295 /* Project object */;
}
